
Microsoft Visual Studio Solution File, Format Version 12.00
# Visual Studio Version 17
VisualStudioVersion = 17.10.35013.160
MinimumVisualStudioVersion = 10.0.40219.1
Project("{FAE04EC0-301F-11D3-BF4B-00C04F79EFBC}") = "WebAPI", "WebAPI\WebAPI.csproj", "{F4DB0EC2-080C-4D06-896A-7734994842C8}"
EndProject
Project("{FAE04EC0-301F-11D3-BF4B-00C04F79EFBC}") = "Models", "Models\Models.csproj", "{4AF02554-CCD6-4591-ACDE-2C345C0D1CF2}"
EndProject
Project("{FAE04EC0-301F-11D3-BF4B-00C04F79EFBC}") = "Services", "Services\Services.csproj", "{9B12AB6E-4424-43FC-BA31-6F17967AE4C9}"
EndProject
Project("{FAE04EC0-301F-11D3-BF4B-00C04F79EFBC}") = "Data", "Data\Data.csproj", "{C3C305AB-DB4F-462C-A9A6-471BCA5A89BC}"
EndProject
Global
	GlobalSection(SolutionConfigurationPlatforms) = preSolution
		Debug|Any CPU = Debug|Any CPU
		Release|Any CPU = Release|Any CPU
	EndGlobalSection
	GlobalSection(ProjectConfigurationPlatforms) = postSolution
		{F4DB0EC2-080C-4D06-896A-7734994842C8}.Debug|Any CPU.ActiveCfg = Debug|Any CPU
		{F4DB0EC2-080C-4D06-896A-7734994842C8}.Debug|Any CPU.Build.0 = Debug|Any CPU
		{F4DB0EC2-080C-4D06-896A-7734994842C8}.Release|Any CPU.ActiveCfg = Release|Any CPU
		{F4DB0EC2-080C-4D06-896A-7734994842C8}.Release|Any CPU.Build.0 = Release|Any CPU
		{4AF02554-CCD6-4591-ACDE-2C345C0D1CF2}.Debug|Any CPU.ActiveCfg = Debug|Any CPU
		{4AF02554-CCD6-4591-ACDE-2C345C0D1CF2}.Debug|Any CPU.Build.0 = Debug|Any CPU
		{4AF02554-CCD6-4591-ACDE-2C345C0D1CF2}.Release|Any CPU.ActiveCfg = Release|Any CPU
		{4AF02554-CCD6-4591-ACDE-2C345C0D1CF2}.Release|Any CPU.Build.0 = Release|Any CPU
		{9B12AB6E-4424-43FC-BA31-6F17967AE4C9}.Debug|Any CPU.ActiveCfg = Debug|Any CPU
		{9B12AB6E-4424-43FC-BA31-6F17967AE4C9}.Debug|Any CPU.Build.0 = Debug|Any CPU
		{9B12AB6E-4424-43FC-BA31-6F17967AE4C9}.Release|Any CPU.ActiveCfg = Release|Any CPU
		{9B12AB6E-4424-43FC-BA31-6F17967AE4C9}.Release|Any CPU.Build.0 = Release|Any CPU
		{C3C305AB-DB4F-462C-A9A6-471BCA5A89BC}.Debug|Any CPU.ActiveCfg = Debug|Any CPU
		{C3C305AB-DB4F-462C-A9A6-471BCA5A89BC}.Debug|Any CPU.Build.0 = Debug|Any CPU
		{C3C305AB-DB4F-462C-A9A6-471BCA5A89BC}.Release|Any CPU.ActiveCfg = Release|Any CPU
		{C3C305AB-DB4F-462C-A9A6-471BCA5A89BC}.Release|Any CPU.Build.0 = Release|Any CPU
	EndGlobalSection
	GlobalSection(SolutionProperties) = preSolution
		HideSolutionNode = FALSE
	EndGlobalSection
	GlobalSection(ExtensibilityGlobals) = postSolution
		SolutionGuid = {328CAA72-B64E-4BA7-B143-0C46CDDFBD48}
	EndGlobalSection
EndGlobal
